{
  "object": {
    "pins": [
      {
        "package": "ckb-blake2b",
        "repositoryURL": "https://github.com/ashchan/ckb-swift-blake2b.git",
        "state": {
          "branch": null,
          "revision": "9d9ce464ca9147d503ab68cf32afab337f8866f9",
          "version": "0.1.0"
        }
      },
      {
        "package": "ckb-swift-kit",
        "repositoryURL": "https://github.com/ashchan/ckb-swift-kit",
        "state": {
          "branch": "master",
          "revision": "f7ec5f675546180d6ca3358922771ba50b14efa8",
          "version": null
        }
      },
      {
        "package": "secp256k1",
        "repositoryURL": "https://github.com/ashchan/secp256k1.swift.git",
        "state": {
          "branch": "master",
          "revision": "be396dae05059811c024604556e57e34180b41db",
          "version": null
        }
      }
    ]
  },
  "version": 1
}
